// !$*UTF8*$!
{
	archiveVersion = 1;
	classes = {
	};
	objectVersion = 46;
	objects = {

/* Begin PBXBuildFile section */
		2868179C1AD54B1F00191CD9 /* main.c in Sources */ = {isa = PBXBuildFile; fileRef = 2868179B1AD54B1F00191CD9 /* main.c */; };
		286817A41AD54B6100191CD9 /* my_semaphore.c in Sources */ = {isa = PBXBuildFile; fileRef = 286817A21AD54B6100191CD9 /* my_semaphore.c */; };
/* End PBXBuildFile section */

/* Begin PBXCopyFilesBuildPhase section */
		286817961AD54B1E00191CD9 /* CopyFiles */ = {
			isa = PBXCopyFilesBuildPhase;
			buildActionMask = 2147483647;
			dstPath = /usr/share/man/man1/;
			dstSubfolderSpec = 0;
			files = (
			);
			runOnlyForDeploymentPostprocessing = 1;
		};
/* End PBXCopyFilesBuildPhase section */

/* Begin PBXFileReference section */
		286817981AD54B1E00191CD9 /* BS2_Praktikum */ = {isa = PBXFileReference; explicitFileType = "compiled.mach-o.executable"; includeInIndex = 0; path = BS2_Praktikum; sourceTree = BUILT_PRODUCTS_DIR; };
		2868179B1AD54B1F00191CD9 /* main.c */ = {isa = PBXFileReference; lastKnownFileType = sourcecode.c.c; path = main.c; sourceTree = "<group>"; };
		286817A21AD54B6100191CD9 /* my_semaphore.c */ = {isa = PBXFileReference; fileEncoding = 4; lastKnownFileType = sourcecode.c.c; path = my_semaphore.c; sourceTree = "<group>"; };
		286817A31AD54B6100191CD9 /* my_semaphore.h */ = {isa = PBXFileReference; fileEncoding = 4; lastKnownFileType = sourcecode.c.h; path = my_semaphore.h; sourceTree = "<group>"; };
/* End PBXFileReference section */

/* Begin PBXFrameworksBuildPhase section */
		286817951AD54B1E00191CD9 /* Frameworks */ = {
			isa = PBXFrameworksBuildPhase;
			buildActionMask = 2147483647;
			files = (
			);
			runOnlyForDeploymentPostprocessing = 0;
		};
/* End PBXFrameworksBuildPhase section */

/* Begin PBXGroup section */
		2868178F1AD54B1E00191CD9 = {
			isa = PBXGroup;
			children = (
				2868179A1AD54B1E00191CD9 /* BS2_Praktikum */,
				286817991AD54B1E00191CD9 /* Products */,
			);
			sourceTree = "<group>";
		};
		286817991AD54B1E00191CD9 /* Products */ = {
			isa = PBXGroup;
			children = (
				286817981AD54B1E00191CD9 /* BS2_Praktikum */,
			);
			name = Products;
			sourceTree = "<group>";
		};
		2868179A1AD54B1E00191CD9 /* BS2_Praktikum */ = {
			isa = PBXGroup;
			children = (
				2868179B1AD54B1F00191CD9 /* main.c */,
				286817A21AD54B6100191CD9 /* my_semaphore.c */,
				286817A31AD54B6100191CD9 /* my_semaphore.h */,
			);
			path = BS2_Praktikum;
			sourceTree = "<group>";
		};
/* End PBXGroup section */

/* Begin PBXNativeTarget section */
		286817971AD54B1E00191CD9 /* BS2_Praktikum */ = {
			isa = PBXNativeTarget;
			buildConfigurationList = 2868179F1AD54B1F00191CD9 /* Build configuration list for PBXNativeTarget "BS2_Praktikum" */;
			buildPhases = (
				286817941AD54B1E00191CD9 /* Sources */,
				286817951AD54B1E00191CD9 /* Frameworks */,
				286817961AD54B1E00191CD9 /* CopyFiles */,
			);
			buildRules = (
			);
			dependencies = (
			);
			name = BS2_Praktikum;
			productName = BS2_Praktikum;
			productReference = 286817981AD54B1E00191CD9 /* BS2_Praktikum */;
			productType = "com.apple.product-type.tool";
		};
/* End PBXNativeTarget section */

/* Begin PBXProject section */
		286817901AD54B1E00191CD9 /* Project object */ = {
			isa = PBXProject;
			attributes = {
				LastUpgradeCheck = 0620;
				ORGANIZATIONNAME = net.markusklemm;
				TargetAttributes = {
					286817971AD54B1E00191CD9 = {
						CreatedOnToolsVersion = 6.2;
					};
				};
			};
			buildConfigurationList = 286817931AD54B1E00191CD9 /* Build configuration list for PBXProject "BS2_Praktikum" */;
			compatibilityVersion = "Xcode 3.2";
			developmentRegion = English;
			hasScannedForEncodings = 0;
			knownRegions = (
				en,
			);
			mainGroup = 2868178F1AD54B1E00191CD9;
			productRefGroup = 286817991AD54B1E00191CD9 /* Products */;
			projectDirPath = "";
			projectRoot = "";
			targets = (
				286817971AD54B1E00191CD9 /* BS2_Praktikum */,
			);
		};
/* End PBXProject section */

/* Begin PBXSourcesBuildPhase section */
		286817941AD54B1E00191CD9 /* Sources */ = {
			isa = PBXSourcesBuildPhase;
			buildActionMask = 2147483647;
			files = (
				286817A41AD54B6100191CD9 /* my_semaphore.c in Sources */,
				2868179C1AD54B1F00191CD9 /* main.c in Sources */,
			);
			runOnlyForDeploymentPostprocessing = 0;
		};
/* End PBXSourcesBuildPhase section */

/* Begin XCBuildConfiguration section */
		2868179D1AD54B1F00191CD9 /* Debug */ = {
			isa = XCBuildConfiguration;
			buildSettings = {
				ALWAYS_SEARCH_USER_PATHS = NO;
				CLANG_CXX_LANGUAGE_STANDARD = "gnu++0x";
				CLANG_CXX_LIBRARY = "libc++";
				CLANG_ENABLE_MODULES = YES;
				CLANG_ENABLE_OBJC_ARC = YES;
				CLANG_WARN_BOOL_CONVERSION = YES;
				CLANG_WARN_CONSTANT_CONVERSION = YES;
				CLANG_WARN_DIRECT_OBJC_ISA_USAGE = YES_ERROR;
				CLANG_WARN_EMPTY_BODY = YES;
				CLANG_WARN_ENUM_CONVERSION = YES;
				CLANG_WARN_INT_CONVERSION = YES;
				CLANG_WARN_OBJC_ROOT_CLASS = YES_ERROR;
				CLANG_WARN_UNREACHABLE_CODE = YES;
				CLANG_WARN__DUPLICATE_METHOD_MATCH = YES;
				COPY_PHASE_STRIP = NO;
				ENABLE_STRICT_OBJC_MSGSEND = YES;
				GCC_C_LANGUAGE_STANDARD = c11;
				GCC_DYNAMIC_NO_PIC = NO;
				GCC_OPTIMIZATION_LEVEL = 0;
				GCC_PREPROCESSOR_DEFINITIONS = (
					"DEBUG=1",
					"$(inherited)",
				);
				GCC_SYMBOLS_PRIVATE_EXTERN = NO;
				GCC_WARN_64_TO_32_BIT_CONVERSION = YES;
				GCC_WARN_ABOUT_RETURN_TYPE = YES_ERROR;
				GCC_WARN_UNDECLARED_SELECTOR = YES;
				GCC_WARN_UNINITIALIZED_AUTOS = YES_AGGRESSIVE;
				GCC_WARN_UNUSED_FUNCTION = YES;
				GCC_WARN_UNUSED_VARIABLE = YES;
				MACOSX_DEPLOYMENT_TARGET = 10.10;
				MTL_ENABLE_DEBUG_INFO = YES;
				ONLY_ACTIVE_ARCH = YES;
				SDKROOT = macosx;
			};
			name = Debug;
		};
		2868179E1AD54B1F00191CD9 /* Release */ = {
			isa = XCBuildConfiguration;
			buildSettings = {
				ALWAYS_SEARCH_USER_PATHS = NO;
				CLANG_CXX_LANGUAGE_STANDARD = "gnu++0x";
				CLANG_CXX_LIBRARY = "libc++";
				CLANG_ENABLE_MODULES = YES;
				CLANG_ENABLE_OBJC_ARC = YES;
				CLANG_WARN_BOOL_CONVERSION = YES;
				CLANG_WARN_CONSTANT_CONVERSION = YES;
				CLANG_WARN_DIRECT_OBJC_ISA_USAGE = YES_ERROR;
				CLANG_WARN_EMPTY_BODY = YES;
				CLANG_WARN_ENUM_CONVERSION = YES;
				CLANG_WARN_INT_CONVERSION = YES;
				CLANG_WARN_OBJC_ROOT_CLASS = YES_ERROR;
				CLANG_WARN_UNREACHABLE_CODE = YES;
				CLANG_WARN__DUPLICATE_METHOD_MATCH = YES;
				COPY_PHASE_STRIP = NO;
				DEBUG_INFORMATION_FORMAT = "dwarf-with-dsym";
				ENABLE_NS_ASSERTIONS = NO;
				ENABLE_STRICT_OBJC_MSGSEND = YES;
				GCC_C_LANGUAGE_STANDARD = c11;
				GCC_WARN_64_TO_32_BIT_CONVERSION = YES;
				GCC_WARN_ABOUT_RETURN_TYPE = YES_ERROR;
				GCC_WARN_UNDECLARED_SELECTOR = YES;
				GCC_WARN_UNINITIALIZED_AUTOS = YES_AGGRESSIVE;
				GCC_WARN_UNUSED_FUNCTION = YES;
				GCC_WARN_UNUSED_VARIABLE = YES;
				MACOSX_DEPLOYMENT_TARGET = 10.10;
				MTL_ENABLE_DEBUG_INFO = NO;
				SDKROOT = macosx;
			};
			name = Release;
		};
		286817A01AD54B1F00191CD9 /* Debug */ = {
			isa = XCBuildConfiguration;
			buildSettings = {
				PRODUCT_NAME = "$(TARGET_NAME)";
			};
			name = Debug;
		};
		286817A11AD54B1F00191CD9 /* Release */ = {
			isa = XCBuildConfiguration;
			buildSettings = {
				PRODUCT_NAME = "$(TARGET_NAME)";
			};
			name = Release;
		};
/* End XCBuildConfiguration section */

/* Begin XCConfigurationList section */
		286817931AD54B1E00191CD9 /* Build configuration list for PBXProject "BS2_Praktikum" */ = {
			isa = XCConfigurationList;
			buildConfigurations = (
				2868179D1AD54B1F00191CD9 /* Debug */,
				2868179E1AD54B1F00191CD9 /* Release */,
			);
			defaultConfigurationIsVisible = 0;
			defaultConfigurationName = Release;
		};
		2868179F1AD54B1F00191CD9 /* Build configuration list for PBXNativeTarget "BS2_Praktikum" */ = {
			isa = XCConfigurationList;
			buildConfigurations = (
				286817A01AD54B1F00191CD9 /* Debug */,
				286817A11AD54B1F00191CD9 /* Release */,
			);
			defaultConfigurationIsVisible = 0;
		};
/* End XCConfigurationList section */
	};
	rootObject = 286817901AD54B1E00191CD9 /* Project object */;
}
